
Microsoft Visual Studio Solution File, Format Version 12.00
# Visual Studio Version 16
VisualStudioVersion = 16.0.29519.87
MinimumVisualStudioVersion = 10.0.40219.1
Project("{FAE04EC0-301F-11D3-BF4B-00C04F79EFBC}") = "WpfBasicBinding", "WpfBasicBinding\WpfBasicBinding.csproj", "{AC107E07-9FDA-481E-A961-860D854917D4}"
EndProject
Global
	GlobalSection(SolutionConfigurationPlatforms) = preSolution
		Debug|Any CPU = Debug|Any CPU
		Release|Any CPU = Release|Any CPU
	EndGlobalSection
	GlobalSection(ProjectConfigurationPlatforms) = postSolution
		{AC107E07-9FDA-481E-A961-860D854917D4}.Debug|Any CPU.ActiveCfg = Debug|Any CPU
		{AC107E07-9FDA-481E-A961-860D854917D4}.Debug|Any CPU.Build.0 = Debug|Any CPU
		{AC107E07-9FDA-481E-A961-860D854917D4}.Release|Any CPU.ActiveCfg = Release|Any CPU
		{AC107E07-9FDA-481E-A961-860D854917D4}.Release|Any CPU.Build.0 = Release|Any CPU
	EndGlobalSection
	GlobalSection(SolutionProperties) = preSolution
		HideSolutionNode = FALSE
	EndGlobalSection
	GlobalSection(ExtensibilityGlobals) = postSolution
		SolutionGuid = {287941BA-823A-4F71-A8CE-EB9C4EE5A403}
	EndGlobalSection
EndGlobal
